
Microsoft Visual Studio Solution File, Format Version 12.00
# Visual Studio Version 17
VisualStudioVersion = 17.12.35521.163
MinimumVisualStudioVersion = 10.0.40219.1
Project("{2150E333-8FDC-42A3-9474-1A3956D46DE8}") = "Solution Items", "Solution Items", "{AA0446BD-5AEF-445C-991C-8BBC527CAC01}"
	ProjectSection(SolutionItems) = preProject
		.editorconfig = .editorconfig
		.gitignore = .gitignore
		Directory.Build.props = Directory.Build.props
	EndProjectSection
EndProject
Project("{2150E333-8FDC-42A3-9474-1A3956D46DE8}") = "src", "src", "{859AE1CB-27F2-415B-A97F-02B3F4139DE7}"
EndProject
Project("{2150E333-8FDC-42A3-9474-1A3956D46DE8}") = "API", "API", "{754074AF-A756-49FD-95CE-0D96560FAEDF}"
EndProject
Project("{2150E333-8FDC-42A3-9474-1A3956D46DE8}") = "Modules", "Modules", "{F7439A1B-504E-450E-B0EA-382D8E1C4A55}"
EndProject
Project("{2150E333-8FDC-42A3-9474-1A3956D46DE8}") = "Events", "Events", "{013938FD-56FD-40FB-9A6C-3BB65BA48830}"
EndProject
Project("{FAE04EC0-301F-11D3-BF4B-00C04F79EFBC}") = "Evently.Api", "Evently.Api\Evently.Api.csproj", "{8354587D-C6C3-4EC9-848C-FE9819A0B6F9}"
EndProject
Project("{E53339B2-1760-4266-BCC7-CA923CBCF16C}") = "docker-compose", "docker-compose.dcproj", "{7156459E-2A18-408A-A94F-FE0E6BE7EFE1}"
EndProject
Project("{FAE04EC0-301F-11D3-BF4B-00C04F79EFBC}") = "Evently.Modules.Events.Domain", "Evently.Modules.Events.Domain\Evently.Modules.Events.Domain.csproj", "{E0F15931-D4BC-49DC-B625-8FE45A0FA5E2}"
EndProject
Project("{FAE04EC0-301F-11D3-BF4B-00C04F79EFBC}") = "Evently.Modules.Events.Application", "Evently.Modules.Events.Application\Evently.Modules.Events.Application.csproj", "{63412A50-6A63-4DE5-94D1-130A7A85A772}"
EndProject
Project("{FAE04EC0-301F-11D3-BF4B-00C04F79EFBC}") = "Evently.Modules.Events.Infrastructure", "Evently.Modules.Events.Infrastructure\Evently.Modules.Events.Infrastructure.csproj", "{7D9A78FE-52E7-4924-ABB7-2D213C62D79E}"
EndProject
Project("{FAE04EC0-301F-11D3-BF4B-00C04F79EFBC}") = "Evently.Modules.Events.Presentation", "Evently.Modules.Events.Presentation\Evently.Modules.Events.Presentation.csproj", "{5F90E3D4-BCEB-494E-9611-6B1C0BA6B6AB}"
EndProject
Project("{2150E333-8FDC-42A3-9474-1A3956D46DE8}") = "Common", "Common", "{89B39033-5336-46BB-8AFF-A8663AADE9E0}"
EndProject
Project("{FAE04EC0-301F-11D3-BF4B-00C04F79EFBC}") = "Evently.Common.Application", "Evently.Common.Application\Evently.Common.Application.csproj", "{071C4343-CB64-4F12-9FF3-143991298B6D}"
EndProject
Project("{FAE04EC0-301F-11D3-BF4B-00C04F79EFBC}") = "Evently.Common.Domain", "Evently.Common.Domain\Evently.Common.Domain.csproj", "{8B8F2E17-F57A-45A1-AA9F-6D37F56BDFF0}"
EndProject
Project("{FAE04EC0-301F-11D3-BF4B-00C04F79EFBC}") = "Evently.Common.Infrastructure", "Evently.Common.Infrastructure\Evently.Common.Infrastructure.csproj", "{6100B65B-2162-4560-B979-A636812C8267}"
EndProject
Project("{FAE04EC0-301F-11D3-BF4B-00C04F79EFBC}") = "Evently.Common.Presentation", "Evently.Common.Presentation\Evently.Common.Presentation.csproj", "{A6EAF4B0-5456-4B5B-86E7-7DD464CFF1F1}"
EndProject
Project("{2150E333-8FDC-42A3-9474-1A3956D46DE8}") = "Users", "Users", "{2FF03FF4-F264-4765-8A9E-B5ACD169918D}"
EndProject
Project("{FAE04EC0-301F-11D3-BF4B-00C04F79EFBC}") = "Evently.Modules.Users.Application", "src\Modules\Users\Evently.Modules.Users.Application\Evently.Modules.Users.Application.csproj", "{549B3A6C-F1B6-4217-BD9F-A2E29DEF4CCA}"
EndProject
Project("{FAE04EC0-301F-11D3-BF4B-00C04F79EFBC}") = "Evently.Modules.Users.Domain", "src\Modules\Users\Evently.Modules.Users.Domain\Evently.Modules.Users.Domain.csproj", "{F2AAE037-9820-4CF3-A2BE-46AD13FB8BFE}"
EndProject
Project("{FAE04EC0-301F-11D3-BF4B-00C04F79EFBC}") = "Evently.Modules.Users.Infrastructure", "src\Modules\Users\Evently.Modules.Users.Infrastructure\Evently.Modules.Users.Infrastructure.csproj", "{881AF089-CEA3-4A05-AD37-98599265F98E}"
EndProject
Project("{FAE04EC0-301F-11D3-BF4B-00C04F79EFBC}") = "Evently.Modules.Users.Presentation", "src\Modules\Users\Evently.Modules.Users.Presentation\Evently.Modules.Users.Presentation.csproj", "{B9E748BA-5C6B-47F6-9E26-B89BD1810E83}"
EndProject
Project("{2150E333-8FDC-42A3-9474-1A3956D46DE8}") = "Ticketing", "Ticketing", "{E5A86DE2-3AF9-4C06-8601-8CB27B008D83}"
EndProject
Project("{FAE04EC0-301F-11D3-BF4B-00C04F79EFBC}") = "Evently.Modules.Ticketing.Application", "src\Modules\Ticketing\Evently.Modules.Ticketing.Application\Evently.Modules.Ticketing.Application.csproj", "{5D60914F-B2A3-469A-804A-8CAA1AEACB79}"
EndProject
Project("{FAE04EC0-301F-11D3-BF4B-00C04F79EFBC}") = "Evently.Modules.Ticketing.Domain", "src\Modules\Ticketing\Evently.Modules.Ticketing.Domain\Evently.Modules.Ticketing.Domain.csproj", "{51E29496-4807-41BE-9AEB-32EC2B86FE1A}"
EndProject
Project("{FAE04EC0-301F-11D3-BF4B-00C04F79EFBC}") = "Evently.Modules.Ticketing.Infrastructure", "src\Modules\Ticketing\Evently.Modules.Ticketing.Infrastructure\Evently.Modules.Ticketing.Infrastructure.csproj", "{0DF9DE20-B1A8-41D2-B9E1-76507E3A551F}"
EndProject
Project("{FAE04EC0-301F-11D3-BF4B-00C04F79EFBC}") = "Evently.Modules.Ticketing.Presentation", "src\Modules\Ticketing\Evently.Modules.Ticketing.Presentation\Evently.Modules.Ticketing.Presentation.csproj", "{02ADFD96-6A90-4F43-B05B-3B408B158B1F}"
EndProject
Project("{FAE04EC0-301F-11D3-BF4B-00C04F79EFBC}") = "Evently.Modules.Events.PublicApi", "Evently.Modules.Events.PublicApi\Evently.Modules.Events.PublicApi.csproj", "{2E492CD1-A340-4483-B75E-254AE097F4D7}"
EndProject
Project("{FAE04EC0-301F-11D3-BF4B-00C04F79EFBC}") = "Evently.Modules.Users.IntegrationEvents", "src\Modules\Users\Evently.Modules.Users.IntegrationEvents\Evently.Modules.Users.IntegrationEvents.csproj", "{B81616A7-774E-41D9-9D52-40F40B52EC64}"
EndProject
Global
	GlobalSection(SolutionConfigurationPlatforms) = preSolution
		Debug|Any CPU = Debug|Any CPU
		Release|Any CPU = Release|Any CPU
	EndGlobalSection
	GlobalSection(ProjectConfigurationPlatforms) = postSolution
		{8354587D-C6C3-4EC9-848C-FE9819A0B6F9}.Debug|Any CPU.ActiveCfg = Debug|Any CPU
		{8354587D-C6C3-4EC9-848C-FE9819A0B6F9}.Debug|Any CPU.Build.0 = Debug|Any CPU
		{8354587D-C6C3-4EC9-848C-FE9819A0B6F9}.Release|Any CPU.ActiveCfg = Release|Any CPU
		{8354587D-C6C3-4EC9-848C-FE9819A0B6F9}.Release|Any CPU.Build.0 = Release|Any CPU
		{7156459E-2A18-408A-A94F-FE0E6BE7EFE1}.Debug|Any CPU.ActiveCfg = Debug|Any CPU
		{7156459E-2A18-408A-A94F-FE0E6BE7EFE1}.Debug|Any CPU.Build.0 = Debug|Any CPU
		{7156459E-2A18-408A-A94F-FE0E6BE7EFE1}.Release|Any CPU.ActiveCfg = Release|Any CPU
		{7156459E-2A18-408A-A94F-FE0E6BE7EFE1}.Release|Any CPU.Build.0 = Release|Any CPU
		{E0F15931-D4BC-49DC-B625-8FE45A0FA5E2}.Debug|Any CPU.ActiveCfg = Debug|Any CPU
		{E0F15931-D4BC-49DC-B625-8FE45A0FA5E2}.Debug|Any CPU.Build.0 = Debug|Any CPU
		{E0F15931-D4BC-49DC-B625-8FE45A0FA5E2}.Release|Any CPU.ActiveCfg = Release|Any CPU
		{E0F15931-D4BC-49DC-B625-8FE45A0FA5E2}.Release|Any CPU.Build.0 = Release|Any CPU
		{63412A50-6A63-4DE5-94D1-130A7A85A772}.Debug|Any CPU.ActiveCfg = Debug|Any CPU
		{63412A50-6A63-4DE5-94D1-130A7A85A772}.Debug|Any CPU.Build.0 = Debug|Any CPU
		{63412A50-6A63-4DE5-94D1-130A7A85A772}.Release|Any CPU.ActiveCfg = Release|Any CPU
		{63412A50-6A63-4DE5-94D1-130A7A85A772}.Release|Any CPU.Build.0 = Release|Any CPU
		{7D9A78FE-52E7-4924-ABB7-2D213C62D79E}.Debug|Any CPU.ActiveCfg = Debug|Any CPU
		{7D9A78FE-52E7-4924-ABB7-2D213C62D79E}.Debug|Any CPU.Build.0 = Debug|Any CPU
		{7D9A78FE-52E7-4924-ABB7-2D213C62D79E}.Release|Any CPU.ActiveCfg = Release|Any CPU
		{7D9A78FE-52E7-4924-ABB7-2D213C62D79E}.Release|Any CPU.Build.0 = Release|Any CPU
		{5F90E3D4-BCEB-494E-9611-6B1C0BA6B6AB}.Debug|Any CPU.ActiveCfg = Debug|Any CPU
		{5F90E3D4-BCEB-494E-9611-6B1C0BA6B6AB}.Debug|Any CPU.Build.0 = Debug|Any CPU
		{5F90E3D4-BCEB-494E-9611-6B1C0BA6B6AB}.Release|Any CPU.ActiveCfg = Release|Any CPU
		{5F90E3D4-BCEB-494E-9611-6B1C0BA6B6AB}.Release|Any CPU.Build.0 = Release|Any CPU
		{071C4343-CB64-4F12-9FF3-143991298B6D}.Debug|Any CPU.ActiveCfg = Debug|Any CPU
		{071C4343-CB64-4F12-9FF3-143991298B6D}.Debug|Any CPU.Build.0 = Debug|Any CPU
		{071C4343-CB64-4F12-9FF3-143991298B6D}.Release|Any CPU.ActiveCfg = Release|Any CPU
		{071C4343-CB64-4F12-9FF3-143991298B6D}.Release|Any CPU.Build.0 = Release|Any CPU
		{8B8F2E17-F57A-45A1-AA9F-6D37F56BDFF0}.Debug|Any CPU.ActiveCfg = Debug|Any CPU
		{8B8F2E17-F57A-45A1-AA9F-6D37F56BDFF0}.Debug|Any CPU.Build.0 = Debug|Any CPU
		{8B8F2E17-F57A-45A1-AA9F-6D37F56BDFF0}.Release|Any CPU.ActiveCfg = Release|Any CPU
		{8B8F2E17-F57A-45A1-AA9F-6D37F56BDFF0}.Release|Any CPU.Build.0 = Release|Any CPU
		{6100B65B-2162-4560-B979-A636812C8267}.Debug|Any CPU.ActiveCfg = Debug|Any CPU
		{6100B65B-2162-4560-B979-A636812C8267}.Debug|Any CPU.Build.0 = Debug|Any CPU
		{6100B65B-2162-4560-B979-A636812C8267}.Release|Any CPU.ActiveCfg = Release|Any CPU
		{6100B65B-2162-4560-B979-A636812C8267}.Release|Any CPU.Build.0 = Release|Any CPU
		{A6EAF4B0-5456-4B5B-86E7-7DD464CFF1F1}.Debug|Any CPU.ActiveCfg = Debug|Any CPU
		{A6EAF4B0-5456-4B5B-86E7-7DD464CFF1F1}.Debug|Any CPU.Build.0 = Debug|Any CPU
		{A6EAF4B0-5456-4B5B-86E7-7DD464CFF1F1}.Release|Any CPU.ActiveCfg = Release|Any CPU
		{A6EAF4B0-5456-4B5B-86E7-7DD464CFF1F1}.Release|Any CPU.Build.0 = Release|Any CPU
		{549B3A6C-F1B6-4217-BD9F-A2E29DEF4CCA}.Debug|Any CPU.ActiveCfg = Debug|Any CPU
		{549B3A6C-F1B6-4217-BD9F-A2E29DEF4CCA}.Debug|Any CPU.Build.0 = Debug|Any CPU
		{549B3A6C-F1B6-4217-BD9F-A2E29DEF4CCA}.Release|Any CPU.ActiveCfg = Release|Any CPU
		{549B3A6C-F1B6-4217-BD9F-A2E29DEF4CCA}.Release|Any CPU.Build.0 = Release|Any CPU
		{F2AAE037-9820-4CF3-A2BE-46AD13FB8BFE}.Debug|Any CPU.ActiveCfg = Debug|Any CPU
		{F2AAE037-9820-4CF3-A2BE-46AD13FB8BFE}.Debug|Any CPU.Build.0 = Debug|Any CPU
		{F2AAE037-9820-4CF3-A2BE-46AD13FB8BFE}.Release|Any CPU.ActiveCfg = Release|Any CPU
		{F2AAE037-9820-4CF3-A2BE-46AD13FB8BFE}.Release|Any CPU.Build.0 = Release|Any CPU
		{881AF089-CEA3-4A05-AD37-98599265F98E}.Debug|Any CPU.ActiveCfg = Debug|Any CPU
		{881AF089-CEA3-4A05-AD37-98599265F98E}.Debug|Any CPU.Build.0 = Debug|Any CPU
		{881AF089-CEA3-4A05-AD37-98599265F98E}.Release|Any CPU.ActiveCfg = Release|Any CPU
		{881AF089-CEA3-4A05-AD37-98599265F98E}.Release|Any CPU.Build.0 = Release|Any CPU
		{B9E748BA-5C6B-47F6-9E26-B89BD1810E83}.Debug|Any CPU.ActiveCfg = Debug|Any CPU
		{B9E748BA-5C6B-47F6-9E26-B89BD1810E83}.Debug|Any CPU.Build.0 = Debug|Any CPU
		{B9E748BA-5C6B-47F6-9E26-B89BD1810E83}.Release|Any CPU.ActiveCfg = Release|Any CPU
		{B9E748BA-5C6B-47F6-9E26-B89BD1810E83}.Release|Any CPU.Build.0 = Release|Any CPU
		{5D60914F-B2A3-469A-804A-8CAA1AEACB79}.Debug|Any CPU.ActiveCfg = Debug|Any CPU
		{5D60914F-B2A3-469A-804A-8CAA1AEACB79}.Debug|Any CPU.Build.0 = Debug|Any CPU
		{5D60914F-B2A3-469A-804A-8CAA1AEACB79}.Release|Any CPU.ActiveCfg = Release|Any CPU
		{5D60914F-B2A3-469A-804A-8CAA1AEACB79}.Release|Any CPU.Build.0 = Release|Any CPU
		{51E29496-4807-41BE-9AEB-32EC2B86FE1A}.Debug|Any CPU.ActiveCfg = Debug|Any CPU
		{51E29496-4807-41BE-9AEB-32EC2B86FE1A}.Debug|Any CPU.Build.0 = Debug|Any CPU
		{51E29496-4807-41BE-9AEB-32EC2B86FE1A}.Release|Any CPU.ActiveCfg = Release|Any CPU
		{51E29496-4807-41BE-9AEB-32EC2B86FE1A}.Release|Any CPU.Build.0 = Release|Any CPU
		{0DF9DE20-B1A8-41D2-B9E1-76507E3A551F}.Debug|Any CPU.ActiveCfg = Debug|Any CPU
		{0DF9DE20-B1A8-41D2-B9E1-76507E3A551F}.Debug|Any CPU.Build.0 = Debug|Any CPU
		{0DF9DE20-B1A8-41D2-B9E1-76507E3A551F}.Release|Any CPU.ActiveCfg = Release|Any CPU
		{0DF9DE20-B1A8-41D2-B9E1-76507E3A551F}.Release|Any CPU.Build.0 = Release|Any CPU
		{02ADFD96-6A90-4F43-B05B-3B408B158B1F}.Debug|Any CPU.ActiveCfg = Debug|Any CPU
		{02ADFD96-6A90-4F43-B05B-3B408B158B1F}.Debug|Any CPU.Build.0 = Debug|Any CPU
		{02ADFD96-6A90-4F43-B05B-3B408B158B1F}.Release|Any CPU.ActiveCfg = Release|Any CPU
		{02ADFD96-6A90-4F43-B05B-3B408B158B1F}.Release|Any CPU.Build.0 = Release|Any CPU
		{2E492CD1-A340-4483-B75E-254AE097F4D7}.Debug|Any CPU.ActiveCfg = Debug|Any CPU
		{2E492CD1-A340-4483-B75E-254AE097F4D7}.Debug|Any CPU.Build.0 = Debug|Any CPU
		{2E492CD1-A340-4483-B75E-254AE097F4D7}.Release|Any CPU.ActiveCfg = Release|Any CPU
		{2E492CD1-A340-4483-B75E-254AE097F4D7}.Release|Any CPU.Build.0 = Release|Any CPU
		{B81616A7-774E-41D9-9D52-40F40B52EC64}.Debug|Any CPU.ActiveCfg = Debug|Any CPU
		{B81616A7-774E-41D9-9D52-40F40B52EC64}.Debug|Any CPU.Build.0 = Debug|Any CPU
		{B81616A7-774E-41D9-9D52-40F40B52EC64}.Release|Any CPU.ActiveCfg = Release|Any CPU
		{B81616A7-774E-41D9-9D52-40F40B52EC64}.Release|Any CPU.Build.0 = Release|Any CPU
	EndGlobalSection
	GlobalSection(SolutionProperties) = preSolution
		HideSolutionNode = FALSE
	EndGlobalSection
	GlobalSection(NestedProjects) = preSolution
		{754074AF-A756-49FD-95CE-0D96560FAEDF} = {859AE1CB-27F2-415B-A97F-02B3F4139DE7}
		{F7439A1B-504E-450E-B0EA-382D8E1C4A55} = {859AE1CB-27F2-415B-A97F-02B3F4139DE7}
		{013938FD-56FD-40FB-9A6C-3BB65BA48830} = {F7439A1B-504E-450E-B0EA-382D8E1C4A55}
		{8354587D-C6C3-4EC9-848C-FE9819A0B6F9} = {754074AF-A756-49FD-95CE-0D96560FAEDF}
		{E0F15931-D4BC-49DC-B625-8FE45A0FA5E2} = {013938FD-56FD-40FB-9A6C-3BB65BA48830}
		{63412A50-6A63-4DE5-94D1-130A7A85A772} = {013938FD-56FD-40FB-9A6C-3BB65BA48830}
		{7D9A78FE-52E7-4924-ABB7-2D213C62D79E} = {013938FD-56FD-40FB-9A6C-3BB65BA48830}
		{5F90E3D4-BCEB-494E-9611-6B1C0BA6B6AB} = {013938FD-56FD-40FB-9A6C-3BB65BA48830}
		{89B39033-5336-46BB-8AFF-A8663AADE9E0} = {859AE1CB-27F2-415B-A97F-02B3F4139DE7}
		{071C4343-CB64-4F12-9FF3-143991298B6D} = {89B39033-5336-46BB-8AFF-A8663AADE9E0}
		{8B8F2E17-F57A-45A1-AA9F-6D37F56BDFF0} = {89B39033-5336-46BB-8AFF-A8663AADE9E0}
		{6100B65B-2162-4560-B979-A636812C8267} = {89B39033-5336-46BB-8AFF-A8663AADE9E0}
		{A6EAF4B0-5456-4B5B-86E7-7DD464CFF1F1} = {89B39033-5336-46BB-8AFF-A8663AADE9E0}
		{2FF03FF4-F264-4765-8A9E-B5ACD169918D} = {F7439A1B-504E-450E-B0EA-382D8E1C4A55}
		{549B3A6C-F1B6-4217-BD9F-A2E29DEF4CCA} = {2FF03FF4-F264-4765-8A9E-B5ACD169918D}
		{F2AAE037-9820-4CF3-A2BE-46AD13FB8BFE} = {2FF03FF4-F264-4765-8A9E-B5ACD169918D}
		{881AF089-CEA3-4A05-AD37-98599265F98E} = {2FF03FF4-F264-4765-8A9E-B5ACD169918D}
		{B9E748BA-5C6B-47F6-9E26-B89BD1810E83} = {2FF03FF4-F264-4765-8A9E-B5ACD169918D}
		{E5A86DE2-3AF9-4C06-8601-8CB27B008D83} = {F7439A1B-504E-450E-B0EA-382D8E1C4A55}
		{5D60914F-B2A3-469A-804A-8CAA1AEACB79} = {E5A86DE2-3AF9-4C06-8601-8CB27B008D83}
		{51E29496-4807-41BE-9AEB-32EC2B86FE1A} = {E5A86DE2-3AF9-4C06-8601-8CB27B008D83}
		{0DF9DE20-B1A8-41D2-B9E1-76507E3A551F} = {E5A86DE2-3AF9-4C06-8601-8CB27B008D83}
		{02ADFD96-6A90-4F43-B05B-3B408B158B1F} = {E5A86DE2-3AF9-4C06-8601-8CB27B008D83}
		{2E492CD1-A340-4483-B75E-254AE097F4D7} = {013938FD-56FD-40FB-9A6C-3BB65BA48830}
		{B81616A7-774E-41D9-9D52-40F40B52EC64} = {2FF03FF4-F264-4765-8A9E-B5ACD169918D}
	EndGlobalSection
EndGlobal
